github.com/tinode/jsonco v1.0.0 h1:zVcpjzDvjuA1G+HLrckI5EiiRyq9jgV3x37OQl6e5FE=
github.com/tinode/jsonco v1.0.0/go.mod h1:Bnavu3302Qfn2pILMNwASkelodgeew3IvDrbdzU84u8=
muzzammil.xyz/jsonc v0.0.0-20201229145248-615b0916ca38 h1:RTgkUbDUEKgkFlwK9NsUAmI1t0zUo+kWKSm9bAbr0TQ=
muzzammil.xyz/jsonc v0.0.0-20201229145248-615b0916ca38/go.mod h1:rFv8tUUKe+QLh7v02BhfxXEf4ZHhYD7unR93HL/1Uvo=
